// !$*UTF8*$!
{
	archiveVersion = 1;
	classes = {
	};
	objectVersion = 46;
	objects = {

/* Begin PBXBuildFile section */
		485C90821E4CDF9E003E6E45 /* AppDelegate.swift in Sources */ = {isa = PBXBuildFile; fileRef = 485C90811E4CDF9E003E6E45 /* AppDelegate.swift */; };
		485C90841E4CDF9E003E6E45 /* ViewController.swift in Sources */ = {isa = PBXBuildFile; fileRef = 485C90831E4CDF9E003E6E45 /* ViewController.swift */; };
		485C90871E4CDF9E003E6E45 /* Main.storyboard in Resources */ = {isa = PBXBuildFile; fileRef = 485C90851E4CDF9E003E6E45 /* Main.storyboard */; };
		485C90891E4CDF9E003E6E45 /* Assets.xcassets in Resources */ = {isa = PBXBuildFile; fileRef = 485C90881E4CDF9E003E6E45 /* Assets.xcassets */; };
		485C908C1E4CDF9E003E6E45 /* LaunchScreen.storyboard in Resources */ = {isa = PBXBuildFile; fileRef = 485C908A1E4CDF9E003E6E45 /* LaunchScreen.storyboard */; };
/* End PBXBuildFile section */

/* Begin PBXFileReference section */
		485C907E1E4CDF9E003E6E45 /* GPACalc.app */ = {isa = PBXFileReference; explicitFileType = wrapper.application; includeInIndex = 0; path = GPACalc.app; sourceTree = BUILT_PRODUCTS_DIR; };
		485C90811E4CDF9E003E6E45 /* AppDelegate.swift */ = {isa = PBXFileReference; lastKnownFileType = sourcecode.swift; path = AppDelegate.swift; sourceTree = "<group>"; };
		485C90831E4CDF9E003E6E45 /* ViewController.swift */ = {isa = PBXFileReference; lastKnownFileType = sourcecode.swift; path = ViewController.swift; sourceTree = "<group>"; };
		485C90861E4CDF9E003E6E45 /* Base */ = {isa = PBXFileReference; lastKnownFileType = file.storyboard; name = Base; path = Base.lproj/Main.storyboard; sourceTree = "<group>"; };
		485C90881E4CDF9E003E6E45 /* Assets.xcassets */ = {isa = PBXFileReference; lastKnownFileType = folder.assetcatalog; path = Assets.xcassets; sourceTree = "<group>"; };
		485C908B1E4CDF9E003E6E45 /* Base */ = {isa = PBXFileReference; lastKnownFileType = file.storyboard; name = Base; path = Base.lproj/LaunchScreen.storyboard; sourceTree = "<group>"; };
		485C908D1E4CDF9E003E6E45 /* Info.plist */ = {isa = PBXFileReference; lastKnownFileType = text.plist.xml; path = Info.plist; sourceTree = "<group>"; };
/* End PBXFileReference section */

/* Begin PBXFrameworksBuildPhase section */
		485C907B1E4CDF9D003E6E45 /* Frameworks */ = {
			isa = PBXFrameworksBuildPhase;
			buildActionMask = 2147483647;
			files = (
			);
			runOnlyForDeploymentPostprocessing = 0;
		};
/* End PBXFrameworksBuildPhase section */

/* Begin PBXGroup section */
		485C90751E4CDF9D003E6E45 = {
			isa = PBXGroup;
			children = (
				485C90801E4CDF9E003E6E45 /* GPACalc */,
				485C907F1E4CDF9E003E6E45 /* Products */,
			);
			sourceTree = "<group>";
		};
		485C907F1E4CDF9E003E6E45 /* Products */ = {
			isa = PBXGroup;
			children = (
				485C907E1E4CDF9E003E6E45 /* GPACalc.app */,
			);
			name = Products;
			sourceTree = "<group>";
		};
		485C90801E4CDF9E003E6E45 /* GPACalc */ = {
			isa = PBXGroup;
			children = (
				485C90811E4CDF9E003E6E45 /* AppDelegate.swift */,
				485C90831E4CDF9E003E6E45 /* ViewController.swift */,
				485C90851E4CDF9E003E6E45 /* Main.storyboard */,
				485C90881E4CDF9E003E6E45 /* Assets.xcassets */,
				485C908A1E4CDF9E003E6E45 /* LaunchScreen.storyboard */,
				485C908D1E4CDF9E003E6E45 /* Info.plist */,
			);
			path = GPACalc;
			sourceTree = "<group>";
		};
/* End PBXGroup section */

/* Begin PBXNativeTarget section */
		485C907D1E4CDF9D003E6E45 /* GPACalc */ = {
			isa = PBXNativeTarget;
			buildConfigurationList = 485C90901E4CDF9E003E6E45 /* Build configuration list for PBXNativeTarget "GPACalc" */;
			buildPhases = (
				485C907A1E4CDF9D003E6E45 /* Sources */,
				485C907B1E4CDF9D003E6E45 /* Frameworks */,
				485C907C1E4CDF9D003E6E45 /* Resources */,
			);
			buildRules = (
			);
			dependencies = (
			);
			name = GPACalc;
			productName = GPACalc;
			productReference = 485C907E1E4CDF9E003E6E45 /* GPACalc.app */;
			productType = "com.apple.product-type.application";
		};
/* End PBXNativeTarget section */

/* Begin PBXProject section */
		485C90761E4CDF9D003E6E45 /* Project object */ = {
			isa = PBXProject;
			attributes = {
				LastSwiftUpdateCheck = 0820;
				LastUpgradeCheck = 0820;
				ORGANIZATIONNAME = Aditya;
				TargetAttributes = {
					485C907D1E4CDF9D003E6E45 = {
						CreatedOnToolsVersion = 8.2.1;
						DevelopmentTeam = 8B4QBLLSCD;
						ProvisioningStyle = Automatic;
					};
				};
			};
			buildConfigurationList = 485C90791E4CDF9D003E6E45 /* Build configuration list for PBXProject "GPACalc" */;
			compatibilityVersion = "Xcode 3.2";
			developmentRegion = English;
			hasScannedForEncodings = 0;
			knownRegions = (
				en,
				Base,
			);
			mainGroup = 485C90751E4CDF9D003E6E45;
			productRefGroup = 485C907F1E4CDF9E003E6E45 /* Products */;
			projectDirPath = "";
			projectRoot = "";
			targets = (
				485C907D1E4CDF9D003E6E45 /* GPACalc */,
			);
		};
/* End PBXProject section */

/* Begin PBXResourcesBuildPhase section */
		485C907C1E4CDF9D003E6E45 /* Resources */ = {
			isa = PBXResourcesBuildPhase;
			buildActionMask = 2147483647;
			files = (
				485C908C1E4CDF9E003E6E45 /* LaunchScreen.storyboard in Resources */,
				485C90891E4CDF9E003E6E45 /* Assets.xcassets in Resources */,
				485C90871E4CDF9E003E6E45 /* Main.storyboard in Resources */,
			);
			runOnlyForDeploymentPostprocessing = 0;
		};
/* End PBXResourcesBuildPhase section */

/* Begin PBXSourcesBuildPhase section */
		485C907A1E4CDF9D003E6E45 /* Sources */ = {
			isa = PBXSourcesBuildPhase;
			buildActionMask = 2147483647;
			files = (
				485C90841E4CDF9E003E6E45 /* ViewController.swift in Sources */,
				485C90821E4CDF9E003E6E45 /* AppDelegate.swift in Sources */,
			);
			runOnlyForDeploymentPostprocessing = 0;
		};
/* End PBXSourcesBuildPhase section */

/* Begin PBXVariantGroup section */
		485C90851E4CDF9E003E6E45 /* Main.storyboard */ = {
			isa = PBXVariantGroup;
			children = (
				485C90861E4CDF9E003E6E45 /* Base */,
			);
			name = Main.storyboard;
			sourceTree = "<group>";
		};
		485C908A1E4CDF9E003E6E45 /* LaunchScreen.storyboard */ = {
			isa = PBXVariantGroup;
			children = (
				485C908B1E4CDF9E003E6E45 /* Base */,
			);
			name = LaunchScreen.storyboard;
			sourceTree = "<group>";
		};
/* End PBXVariantGroup section */

/* Begin XCBuildConfiguration section */
		485C908E1E4CDF9E003E6E45 /* Debug */ = {
			isa = XCBuildConfiguration;
			buildSettings = {
				ALWAYS_SEARCH_USER_PATHS = NO;
				CLANG_ANALYZER_NONNULL = YES;
				CLANG_CXX_LANGUAGE_STANDARD = "gnu++0x";
				CLANG_CXX_LIBRARY = "libc++";
				CLANG_ENABLE_MODULES = YES;
				CLANG_ENABLE_OBJC_ARC = YES;
				CLANG_WARN_BOOL_CONVERSION = YES;
				CLANG_WARN_CONSTANT_CONVERSION = YES;
				CLANG_WARN_DIRECT_OBJC_ISA_USAGE = YES_ERROR;
				CLANG_WARN_DOCUMENTATION_COMMENTS = YES;
				CLANG_WARN_EMPTY_BODY = YES;
				CLANG_WARN_ENUM_CONVERSION = YES;
				CLANG_WARN_INFINITE_RECURSION = YES;
				CLANG_WARN_INT_CONVERSION = YES;
				CLANG_WARN_OBJC_ROOT_CLASS = YES_ERROR;
				CLANG_WARN_SUSPICIOUS_MOVE = YES;
				CLANG_WARN_UNREACHABLE_CODE = YES;
				CLANG_WARN__DUPLICATE_METHOD_MATCH = YES;
				"CODE_SIGN_IDENTITY[sdk=iphoneos*]" = "iPhone Developer";
				COPY_PHASE_STRIP = NO;
				DEBUG_INFORMATION_FORMAT = dwarf;
				ENABLE_STRICT_OBJC_MSGSEND = YES;
				ENABLE_TESTABILITY = YES;
				GCC_C_LANGUAGE_STANDARD = gnu99;
				GCC_DYNAMIC_NO_PIC = NO;
				GCC_NO_COMMON_BLOCKS = YES;
				GCC_OPTIMIZATION_LEVEL = 0;
				GCC_PREPROCESSOR_DEFINITIONS = (
					"DEBUG=1",
					"$(inherited)",
				);
				GCC_WARN_64_TO_32_BIT_CONVERSION = YES;
				GCC_WARN_ABOUT_RETURN_TYPE = YES_ERROR;
				GCC_WARN_UNDECLARED_SELECTOR = YES;
				GCC_WARN_UNINITIALIZED_AUTOS = YES_AGGRESSIVE;
				GCC_WARN_UNUSED_FUNCTION = YES;
				GCC_WARN_UNUSED_VARIABLE = YES;
				IPHONEOS_DEPLOYMENT_TARGET = 10.2;
				MTL_ENABLE_DEBUG_INFO = YES;
				ONLY_ACTIVE_ARCH = YES;
				SDKROOT = iphoneos;
				SWIFT_ACTIVE_COMPILATION_CONDITIONS = DEBUG;
				SWIFT_OPTIMIZATION_LEVEL = "-Onone";
			};
			name = Debug;
		};
		485C908F1E4CDF9E003E6E45 /* Release */ = {
			isa = XCBuildConfiguration;
			buildSettings = {
				ALWAYS_SEARCH_USER_PATHS = NO;
				CLANG_ANALYZER_NONNULL = YES;
				CLANG_CXX_LANGUAGE_STANDARD = "gnu++0x";
				CLANG_CXX_LIBRARY = "libc++";
				CLANG_ENABLE_MODULES = YES;
				CLANG_ENABLE_OBJC_ARC = YES;
				CLANG_WARN_BOOL_CONVERSION = YES;
				CLANG_WARN_CONSTANT_CONVERSION = YES;
				CLANG_WARN_DIRECT_OBJC_ISA_USAGE = YES_ERROR;
				CLANG_WARN_DOCUMENTATION_COMMENTS = YES;
				CLANG_WARN_EMPTY_BODY = YES;
				CLANG_WARN_ENUM_CONVERSION = YES;
				CLANG_WARN_INFINITE_RECURSION = YES;
				CLANG_WARN_INT_CONVERSION = YES;
				CLANG_WARN_OBJC_ROOT_CLASS = YES_ERROR;
				CLANG_WARN_SUSPICIOUS_MOVE = YES;
				CLANG_WARN_UNREACHABLE_CODE = YES;
				CLANG_WARN__DUPLICATE_METHOD_MATCH = YES;
				"CODE_SIGN_IDENTITY[sdk=iphoneos*]" = "iPhone Developer";
				COPY_PHASE_STRIP = NO;
				DEBUG_INFORMATION_FORMAT = "dwarf-with-dsym";
				ENABLE_NS_ASSERTIONS = NO;
				ENABLE_STRICT_OBJC_MSGSEND = YES;
				GCC_C_LANGUAGE_STANDARD = gnu99;
				GCC_NO_COMMON_BLOCKS = YES;
				GCC_WARN_64_TO_32_BIT_CONVERSION = YES;
				GCC_WARN_ABOUT_RETURN_TYPE = YES_ERROR;
				GCC_WARN_UNDECLARED_SELECTOR = YES;
				GCC_WARN_UNINITIALIZED_AUTOS = YES_AGGRESSIVE;
				GCC_WARN_UNUSED_FUNCTION = YES;
				GCC_WARN_UNUSED_VARIABLE = YES;
				IPHONEOS_DEPLOYMENT_TARGET = 10.2;
				MTL_ENABLE_DEBUG_INFO = NO;
				SDKROOT = iphoneos;
				SWIFT_OPTIMIZATION_LEVEL = "-Owholemodule";
				VALIDATE_PRODUCT = YES;
			};
			name = Release;
		};
		485C90911E4CDF9E003E6E45 /* Debug */ = {
			isa = XCBuildConfiguration;
			buildSettings = {
				ASSETCATALOG_COMPILER_APPICON_NAME = AppIcon;
				DEVELOPMENT_TEAM = 8B4QBLLSCD;
				INFOPLIST_FILE = GPACalc/Info.plist;
				LD_RUNPATH_SEARCH_PATHS = "$(inherited) @executable_path/Frameworks";
				PRODUCT_BUNDLE_IDENTIFIER = vadrevua.GPACalc;
				PRODUCT_NAME = "$(TARGET_NAME)";
				SWIFT_VERSION = 3.0;
			};
			name = Debug;
		};
		485C90921E4CDF9E003E6E45 /* Release */ = {
			isa = XCBuildConfiguration;
			buildSettings = {
				ASSETCATALOG_COMPILER_APPICON_NAME = AppIcon;
				DEVELOPMENT_TEAM = 8B4QBLLSCD;
				INFOPLIST_FILE = GPACalc/Info.plist;
				LD_RUNPATH_SEARCH_PATHS = "$(inherited) @executable_path/Frameworks";
				PRODUCT_BUNDLE_IDENTIFIER = vadrevua.GPACalc;
				PRODUCT_NAME = "$(TARGET_NAME)";
				SWIFT_VERSION = 3.0;
			};
			name = Release;
		};
/* End XCBuildConfiguration section */

/* Begin XCConfigurationList section */
		485C90791E4CDF9D003E6E45 /* Build configuration list for PBXProject "GPACalc" */ = {
			isa = XCConfigurationList;
			buildConfigurations = (
				485C908E1E4CDF9E003E6E45 /* Debug */,
				485C908F1E4CDF9E003E6E45 /* Release */,
			);
			defaultConfigurationIsVisible = 0;
			defaultConfigurationName = Release;
		};
		485C90901E4CDF9E003E6E45 /* Build configuration list for PBXNativeTarget "GPACalc" */ = {
			isa = XCConfigurationList;
			buildConfigurations = (
				485C90911E4CDF9E003E6E45 /* Debug */,
				485C90921E4CDF9E003E6E45 /* Release */,
			);
			defaultConfigurationIsVisible = 0;
		};
/* End XCConfigurationList section */
	};
	rootObject = 485C90761E4CDF9D003E6E45 /* Project object */;
}
